
Microsoft Visual Studio Solution File, Format Version 12.00
Project("{FAE04EC0-301F-11D3-BF4B-00C04F79EFBC}") = "PerfectMicroservice.Api", "PerfectMicroservice.Api\PerfectMicroservice.Api.csproj", "{14AB78F7-57C6-423A-93CE-475229B8FD11}"
EndProject
Project("{2150E333-8FDC-42A3-9474-1A3956D46DE8}") = "src", "src", "{73B46908-0436-4011-8AD1-5D19F502B266}"
EndProject
Project("{2150E333-8FDC-42A3-9474-1A3956D46DE8}") = "tests", "tests", "{79DACCE3-E2EB-455C-9CE8-B179D94D7807}"
EndProject
Project("{FAE04EC0-301F-11D3-BF4B-00C04F79EFBC}") = "PerfectMicroservice.Domain", "PerfectMicroservice.Domain\PerfectMicroservice.Domain.csproj", "{64DE012D-D565-41B0-90DF-4D5ECBD51D73}"
EndProject
Project("{FAE04EC0-301F-11D3-BF4B-00C04F79EFBC}") = "PerfectMicroservice.Application", "PerfectMicroservice.Application\PerfectMicroservice.Application.csproj", "{B0A51C74-3900-446C-AF8E-A0DDA51738F1}"
EndProject
Project("{FAE04EC0-301F-11D3-BF4B-00C04F79EFBC}") = "PerfectMicroservice.Infrastructure", "PerfectMicroservice.Infrastructure\PerfectMicroservice.Infrastructure.csproj", "{BAC01C13-5E68-46DD-B2A6-CB933B2A0544}"
EndProject
Global
	GlobalSection(SolutionConfigurationPlatforms) = preSolution
		Debug|Any CPU = Debug|Any CPU
		Release|Any CPU = Release|Any CPU
	EndGlobalSection
	GlobalSection(ProjectConfigurationPlatforms) = postSolution
		{14AB78F7-57C6-423A-93CE-475229B8FD11}.Debug|Any CPU.ActiveCfg = Debug|Any CPU
		{14AB78F7-57C6-423A-93CE-475229B8FD11}.Debug|Any CPU.Build.0 = Debug|Any CPU
		{14AB78F7-57C6-423A-93CE-475229B8FD11}.Release|Any CPU.ActiveCfg = Release|Any CPU
		{14AB78F7-57C6-423A-93CE-475229B8FD11}.Release|Any CPU.Build.0 = Release|Any CPU
		{64DE012D-D565-41B0-90DF-4D5ECBD51D73}.Debug|Any CPU.ActiveCfg = Debug|Any CPU
		{64DE012D-D565-41B0-90DF-4D5ECBD51D73}.Debug|Any CPU.Build.0 = Debug|Any CPU
		{64DE012D-D565-41B0-90DF-4D5ECBD51D73}.Release|Any CPU.ActiveCfg = Release|Any CPU
		{64DE012D-D565-41B0-90DF-4D5ECBD51D73}.Release|Any CPU.Build.0 = Release|Any CPU
		{B0A51C74-3900-446C-AF8E-A0DDA51738F1}.Debug|Any CPU.ActiveCfg = Debug|Any CPU
		{B0A51C74-3900-446C-AF8E-A0DDA51738F1}.Debug|Any CPU.Build.0 = Debug|Any CPU
		{B0A51C74-3900-446C-AF8E-A0DDA51738F1}.Release|Any CPU.ActiveCfg = Release|Any CPU
		{B0A51C74-3900-446C-AF8E-A0DDA51738F1}.Release|Any CPU.Build.0 = Release|Any CPU
		{BAC01C13-5E68-46DD-B2A6-CB933B2A0544}.Debug|Any CPU.ActiveCfg = Debug|Any CPU
		{BAC01C13-5E68-46DD-B2A6-CB933B2A0544}.Debug|Any CPU.Build.0 = Debug|Any CPU
		{BAC01C13-5E68-46DD-B2A6-CB933B2A0544}.Release|Any CPU.ActiveCfg = Release|Any CPU
		{BAC01C13-5E68-46DD-B2A6-CB933B2A0544}.Release|Any CPU.Build.0 = Release|Any CPU
	EndGlobalSection
	GlobalSection(NestedProjects) = preSolution
		{14AB78F7-57C6-423A-93CE-475229B8FD11} = {73B46908-0436-4011-8AD1-5D19F502B266}
		{64DE012D-D565-41B0-90DF-4D5ECBD51D73} = {73B46908-0436-4011-8AD1-5D19F502B266}
		{B0A51C74-3900-446C-AF8E-A0DDA51738F1} = {73B46908-0436-4011-8AD1-5D19F502B266}
		{BAC01C13-5E68-46DD-B2A6-CB933B2A0544} = {73B46908-0436-4011-8AD1-5D19F502B266}
	EndGlobalSection
EndGlobal
